
Microsoft Visual Studio Solution File, Format Version 12.00
# Visual Studio Version 16
VisualStudioVersion = 16.0.29926.136
MinimumVisualStudioVersion = 10.0.40219.1
Project("{8BC9CEB8-8B4A-11D0-8D11-00A0C91BC942}") = "PractRab3", "PractRab3\PractRab3.vcxproj", "{8CC5690B-BFE5-47A5-A1E3-39333BDB4590}"
EndProject
Global
	GlobalSection(SolutionConfigurationPlatforms) = preSolution
		Debug|x64 = Debug|x64
		Debug|x86 = Debug|x86
		Release|x64 = Release|x64
		Release|x86 = Release|x86
	EndGlobalSection
	GlobalSection(ProjectConfigurationPlatforms) = postSolution
		{8CC5690B-BFE5-47A5-A1E3-39333BDB4590}.Debug|x64.ActiveCfg = Debug|x64
		{8CC5690B-BFE5-47A5-A1E3-39333BDB4590}.Debug|x64.Build.0 = Debug|x64
		{8CC5690B-BFE5-47A5-A1E3-39333BDB4590}.Debug|x86.ActiveCfg = Debug|Win32
		{8CC5690B-BFE5-47A5-A1E3-39333BDB4590}.Debug|x86.Build.0 = Debug|Win32
		{8CC5690B-BFE5-47A5-A1E3-39333BDB4590}.Release|x64.ActiveCfg = Release|x64
		{8CC5690B-BFE5-47A5-A1E3-39333BDB4590}.Release|x64.Build.0 = Release|x64
		{8CC5690B-BFE5-47A5-A1E3-39333BDB4590}.Release|x86.ActiveCfg = Release|Win32
		{8CC5690B-BFE5-47A5-A1E3-39333BDB4590}.Release|x86.Build.0 = Release|Win32
	EndGlobalSection
	GlobalSection(SolutionProperties) = preSolution
		HideSolutionNode = FALSE
	EndGlobalSection
	GlobalSection(ExtensibilityGlobals) = postSolution
		SolutionGuid = {EF12D9AB-B9A9-4CA8-A742-C34A1C50284B}
	EndGlobalSection
EndGlobal
